
Microsoft Visual Studio Solution File, Format Version 12.00
# Visual Studio Version 16
VisualStudioVersion = 16.0.32002.261
MinimumVisualStudioVersion = 10.0.40219.1
Project("{FAE04EC0-301F-11D3-BF4B-00C04F79EFBC}") = "password_manager", "password_manager\password_manager.csproj", "{7545469B-D250-4E50-B4E3-141DDFF92C37}"
EndProject
Global
	GlobalSection(SolutionConfigurationPlatforms) = preSolution
		Debug|Any CPU = Debug|Any CPU
		Release|Any CPU = Release|Any CPU
	EndGlobalSection
	GlobalSection(ProjectConfigurationPlatforms) = postSolution
		{7545469B-D250-4E50-B4E3-141DDFF92C37}.Debug|Any CPU.ActiveCfg = Debug|Any CPU
		{7545469B-D250-4E50-B4E3-141DDFF92C37}.Debug|Any CPU.Build.0 = Debug|Any CPU
		{7545469B-D250-4E50-B4E3-141DDFF92C37}.Release|Any CPU.ActiveCfg = Release|Any CPU
		{7545469B-D250-4E50-B4E3-141DDFF92C37}.Release|Any CPU.Build.0 = Release|Any CPU
	EndGlobalSection
	GlobalSection(SolutionProperties) = preSolution
		HideSolutionNode = FALSE
	EndGlobalSection
	GlobalSection(ExtensibilityGlobals) = postSolution
		SolutionGuid = {355263EB-E5F1-4861-BEE5-E6C1F224F99C}
	EndGlobalSection
EndGlobal
